
Microsoft Visual Studio Solution File, Format Version 12.00
# Visual Studio Version 17
VisualStudioVersion = 17.11.35327.3
MinimumVisualStudioVersion = 10.0.40219.1
Project("{FAE04EC0-301F-11D3-BF4B-00C04F79EFBC}") = "ServerProject", "ServerProject.csproj", "{2786FCF1-41CD-4993-9CE2-E17DBF39A40A}"
	ProjectSection(ProjectDependencies) = postProject
		{94CB875D-4EB4-48C5-8822-B91ADDC2A7CD} = {94CB875D-4EB4-48C5-8822-B91ADDC2A7CD}
	EndProjectSection
EndProject
Project("{FAE04EC0-301F-11D3-BF4B-00C04F79EFBC}") = "Shared", "..\Shared\Shared.csproj", "{94CB875D-4EB4-48C5-8822-B91ADDC2A7CD}"
EndProject
Global
	GlobalSection(SolutionConfigurationPlatforms) = preSolution
		Debug|Any CPU = Debug|Any CPU
		Release|Any CPU = Release|Any CPU
	EndGlobalSection
	GlobalSection(ProjectConfigurationPlatforms) = postSolution
		{2786FCF1-41CD-4993-9CE2-E17DBF39A40A}.Debug|Any CPU.ActiveCfg = Debug|Any CPU
		{2786FCF1-41CD-4993-9CE2-E17DBF39A40A}.Debug|Any CPU.Build.0 = Debug|Any CPU
		{2786FCF1-41CD-4993-9CE2-E17DBF39A40A}.Release|Any CPU.ActiveCfg = Release|Any CPU
		{2786FCF1-41CD-4993-9CE2-E17DBF39A40A}.Release|Any CPU.Build.0 = Release|Any CPU
		{94CB875D-4EB4-48C5-8822-B91ADDC2A7CD}.Debug|Any CPU.ActiveCfg = Debug|Any CPU
		{94CB875D-4EB4-48C5-8822-B91ADDC2A7CD}.Debug|Any CPU.Build.0 = Debug|Any CPU
		{94CB875D-4EB4-48C5-8822-B91ADDC2A7CD}.Release|Any CPU.ActiveCfg = Release|Any CPU
		{94CB875D-4EB4-48C5-8822-B91ADDC2A7CD}.Release|Any CPU.Build.0 = Release|Any CPU
	EndGlobalSection
	GlobalSection(SolutionProperties) = preSolution
		HideSolutionNode = FALSE
	EndGlobalSection
	GlobalSection(ExtensibilityGlobals) = postSolution
		SolutionGuid = {5831CCF5-375B-4A76-BFD2-54EA263E3AE2}
	EndGlobalSection
EndGlobal
